
Microsoft Visual Studio Solution File, Format Version 12.00
# Visual Studio Version 17
VisualStudioVersion = 17.11.35303.130
MinimumVisualStudioVersion = 10.0.40219.1
Project("{2150E333-8FDC-42A3-9474-1A3956D46DE8}") = "Task0", "Task0", "{94987E5C-89F2-4ECA-BD0C-BD18D22AC22F}"
EndProject
Project("{9A19103F-16F7-4668-BE54-9A1E7A4F7556}") = "Tyuiu.ChelolyanAE.Sprint5.Task0.V9", "Tyuiu.ChelolyanAE.Sprint5.Task0.V9\Tyuiu.ChelolyanAE.Sprint5.Task0.V9.csproj", "{B5C58C7A-555C-4596-A748-DF336A4A7FB8}"
EndProject
Project("{9A19103F-16F7-4668-BE54-9A1E7A4F7556}") = "Tyuiu.ChelolyanAE.Sprint5.Task0.V9.Lib", "Tyuiu.ChelolyanAE.Sprint5.Task0.V9.Lib\Tyuiu.ChelolyanAE.Sprint5.Task0.V9.Lib.csproj", "{3B2133EE-E258-40A2-8AD5-54F649AA0524}"
EndProject
Project("{9A19103F-16F7-4668-BE54-9A1E7A4F7556}") = "Tyuiu.ChelolyanAE.Sprint5.Task0.V9.Test", "Tyuiu.ChelolyanAE.Sprint5.Task0.V9.Test\Tyuiu.ChelolyanAE.Sprint5.Task0.V9.Test.csproj", "{151B8370-762D-455E-8FFE-38C36000DFCD}"
EndProject
Project("{2150E333-8FDC-42A3-9474-1A3956D46DE8}") = "Task1", "Task1", "{62B04189-66CA-49ED-A1FF-F6282180CDE4}"
EndProject
Project("{9A19103F-16F7-4668-BE54-9A1E7A4F7556}") = "Tyuiu.ChelolyanAE.Sprint5.Task1.V17", "Tyuiu.ChelolyanAE.Sprint5.Task1.V17\Tyuiu.ChelolyanAE.Sprint5.Task1.V17.csproj", "{BA02E1B4-F7FF-4921-8D53-9D4623CC04B5}"
EndProject
Project("{9A19103F-16F7-4668-BE54-9A1E7A4F7556}") = "Tyuiu.ChelolyanAE.Sprint5.Task1.V17.Lib", "Tyuiu.ChelolyanAE.Sprint5.Task1.V17.Lib\Tyuiu.ChelolyanAE.Sprint5.Task1.V17.Lib.csproj", "{1F1B90E2-BC71-4748-9EAF-B03CE1041F1A}"
EndProject
Project("{9A19103F-16F7-4668-BE54-9A1E7A4F7556}") = "Tyuiu.ChelolyanAE.Sprint5.Task1.V17.Test", "Tyuiu.ChelolyanAE.Sprint5.Task1.V17.Test\Tyuiu.ChelolyanAE.Sprint5.Task1.V17.Test.csproj", "{83445121-73E2-462A-AFC5-804AF8A334B2}"
EndProject
Project("{2150E333-8FDC-42A3-9474-1A3956D46DE8}") = "Task2", "Task2", "{D1E0C933-9DAE-46C2-B9D9-68EDFFED361E}"
EndProject
Project("{9A19103F-16F7-4668-BE54-9A1E7A4F7556}") = "Tyuiu.ChelolyanAE.Sprint5.Task2.V12", "Tyuiu.ChelolyanAE.Sprint5.Task2.V12\Tyuiu.ChelolyanAE.Sprint5.Task2.V12.csproj", "{B62C46DC-B336-4737-BCB5-D597898EA15B}"
EndProject
Project("{9A19103F-16F7-4668-BE54-9A1E7A4F7556}") = "Tyuiu.ChelolyanAE.Sprint5.Task2.V12.Lib", "Tyuiu.ChelolyanAE.Sprint5.Task2.V12.Lib\Tyuiu.ChelolyanAE.Sprint5.Task2.V12.Lib.csproj", "{0A76493D-4454-44F9-8B00-54CD58B7DE55}"
EndProject
Project("{9A19103F-16F7-4668-BE54-9A1E7A4F7556}") = "Tyuiu.ChelolyanAE.Sprint5.Task2.V12.Test", "Tyuiu.ChelolyanAE.Sprint5.Task2.V12.Test\Tyuiu.ChelolyanAE.Sprint5.Task2.V12.Test.csproj", "{13A35ADD-616F-4261-B62A-23D71F8E7DDA}"
EndProject
Project("{2150E333-8FDC-42A3-9474-1A3956D46DE8}") = "Task3", "Task3", "{5B184FEA-E3E4-4FC3-9FA8-382DD07A0320}"
EndProject
Project("{9A19103F-16F7-4668-BE54-9A1E7A4F7556}") = "Tyuiu.ChelolyanAE.Sprint5.Task3.V7", "Tyuiu.ChelolyanAE.Sprint5.Task3.V7\Tyuiu.ChelolyanAE.Sprint5.Task3.V7.csproj", "{7FCF2210-1D72-490B-A919-27ADBE41159E}"
EndProject
Project("{9A19103F-16F7-4668-BE54-9A1E7A4F7556}") = "Tyuiu.ChelolyanAE.Sprint5.Task3.V7.Lib", "Tyuiu.ChelolyanAE.Sprint5.Task3.V7.Lib\Tyuiu.ChelolyanAE.Sprint5.Task3.V7.Lib.csproj", "{48180EF1-CB30-4CFC-AEC5-FB2E51158258}"
EndProject
Project("{9A19103F-16F7-4668-BE54-9A1E7A4F7556}") = "Tyuiu.ChelolyanAE.Sprint5.Task3.V7.Test", "Tyuiu.ChelolyanAE.Sprint5.Task3.V7.Test\Tyuiu.ChelolyanAE.Sprint5.Task3.V7.Test.csproj", "{853BCEA6-E12C-4780-BA02-50799B6B96D8}"
EndProject
Project("{2150E333-8FDC-42A3-9474-1A3956D46DE8}") = "Task4", "Task4", "{8A20E818-F79D-46E0-A87B-56B72715FF4F}"
EndProject
Project("{FAE04EC0-301F-11D3-BF4B-00C04F79EFBC}") = "Tyuiu.ChelolyanAE.Sprint5.Task4.V13", "Tyuiu.ChelolyanAE.Sprint5.Task4.V13\Tyuiu.ChelolyanAE.Sprint5.Task4.V13.csproj", "{5F8C929C-6A82-4D74-A11F-6F043AA571F1}"
EndProject
Project("{FAE04EC0-301F-11D3-BF4B-00C04F79EFBC}") = "Tyuiu.ChelolyanAE.Sprint5.Task4.V13.Lib", "Tyuiu.ChelolyanAE.Sprint5.Task4.V13.Lib\Tyuiu.ChelolyanAE.Sprint5.Task4.V13.Lib.csproj", "{8F847176-40EB-424E-A32A-99AFDE735B61}"
EndProject
Project("{FAE04EC0-301F-11D3-BF4B-00C04F79EFBC}") = "Tyuiu.ChelolyanAE.Sprint5.Task4.V13.Test", "Tyuiu.ChelolyanAE.Sprint5.Task4.V13.Test\Tyuiu.ChelolyanAE.Sprint5.Task4.V13.Test.csproj", "{738C0103-8F56-4AFD-8391-249CEEE4F2E9}"
EndProject
Project("{2150E333-8FDC-42A3-9474-1A3956D46DE8}") = "Task5", "Task5", "{53B1F713-45BC-4BD6-AB03-D4225621CE84}"
EndProject
Project("{FAE04EC0-301F-11D3-BF4B-00C04F79EFBC}") = "Tyuiu.ChelolyanAE.Sprint5.Task5.V16", "Tyuiu.ChelolyanAE.Sprint5.Task5.V16\Tyuiu.ChelolyanAE.Sprint5.Task5.V16.csproj", "{D0804595-0DEA-4554-85D8-E297773F651B}"
EndProject
Project("{FAE04EC0-301F-11D3-BF4B-00C04F79EFBC}") = "Tyuiu.ChelolyanAE.Sprint5.Task5.V16.Lib", "Tyuiu.ChelolyanAE.Sprint5.Task5.V16.Lib\Tyuiu.ChelolyanAE.Sprint5.Task5.V16.Lib.csproj", "{32F7AF8D-9791-474C-BDEF-E36440DB563F}"
EndProject
Project("{FAE04EC0-301F-11D3-BF4B-00C04F79EFBC}") = "Tyuiu.ChelolyanAE.Sprint5.Task5.V16.Test", "Tyuiu.ChelolyanAE.Sprint5.Task5.V16.Test\Tyuiu.ChelolyanAE.Sprint5.Task5.V16.Test.csproj", "{CF63CC0F-A52E-42A9-9D69-EE3246692A78}"
EndProject
Global
	GlobalSection(SolutionConfigurationPlatforms) = preSolution
		Debug|Any CPU = Debug|Any CPU
		Release|Any CPU = Release|Any CPU
	EndGlobalSection
	GlobalSection(ProjectConfigurationPlatforms) = postSolution
		{B5C58C7A-555C-4596-A748-DF336A4A7FB8}.Debug|Any CPU.ActiveCfg = Debug|Any CPU
		{B5C58C7A-555C-4596-A748-DF336A4A7FB8}.Debug|Any CPU.Build.0 = Debug|Any CPU
		{B5C58C7A-555C-4596-A748-DF336A4A7FB8}.Release|Any CPU.ActiveCfg = Release|Any CPU
		{B5C58C7A-555C-4596-A748-DF336A4A7FB8}.Release|Any CPU.Build.0 = Release|Any CPU
		{3B2133EE-E258-40A2-8AD5-54F649AA0524}.Debug|Any CPU.ActiveCfg = Debug|Any CPU
		{3B2133EE-E258-40A2-8AD5-54F649AA0524}.Debug|Any CPU.Build.0 = Debug|Any CPU
		{3B2133EE-E258-40A2-8AD5-54F649AA0524}.Release|Any CPU.ActiveCfg = Release|Any CPU
		{3B2133EE-E258-40A2-8AD5-54F649AA0524}.Release|Any CPU.Build.0 = Release|Any CPU
		{151B8370-762D-455E-8FFE-38C36000DFCD}.Debug|Any CPU.ActiveCfg = Debug|Any CPU
		{151B8370-762D-455E-8FFE-38C36000DFCD}.Debug|Any CPU.Build.0 = Debug|Any CPU
		{151B8370-762D-455E-8FFE-38C36000DFCD}.Release|Any CPU.ActiveCfg = Release|Any CPU
		{151B8370-762D-455E-8FFE-38C36000DFCD}.Release|Any CPU.Build.0 = Release|Any CPU
		{BA02E1B4-F7FF-4921-8D53-9D4623CC04B5}.Debug|Any CPU.ActiveCfg = Debug|Any CPU
		{BA02E1B4-F7FF-4921-8D53-9D4623CC04B5}.Debug|Any CPU.Build.0 = Debug|Any CPU
		{BA02E1B4-F7FF-4921-8D53-9D4623CC04B5}.Release|Any CPU.ActiveCfg = Release|Any CPU
		{BA02E1B4-F7FF-4921-8D53-9D4623CC04B5}.Release|Any CPU.Build.0 = Release|Any CPU
		{1F1B90E2-BC71-4748-9EAF-B03CE1041F1A}.Debug|Any CPU.ActiveCfg = Debug|Any CPU
		{1F1B90E2-BC71-4748-9EAF-B03CE1041F1A}.Debug|Any CPU.Build.0 = Debug|Any CPU
		{1F1B90E2-BC71-4748-9EAF-B03CE1041F1A}.Release|Any CPU.ActiveCfg = Release|Any CPU
		{1F1B90E2-BC71-4748-9EAF-B03CE1041F1A}.Release|Any CPU.Build.0 = Release|Any CPU
		{83445121-73E2-462A-AFC5-804AF8A334B2}.Debug|Any CPU.ActiveCfg = Debug|Any CPU
		{83445121-73E2-462A-AFC5-804AF8A334B2}.Debug|Any CPU.Build.0 = Debug|Any CPU
		{83445121-73E2-462A-AFC5-804AF8A334B2}.Release|Any CPU.ActiveCfg = Release|Any CPU
		{83445121-73E2-462A-AFC5-804AF8A334B2}.Release|Any CPU.Build.0 = Release|Any CPU
		{B62C46DC-B336-4737-BCB5-D597898EA15B}.Debug|Any CPU.ActiveCfg = Debug|Any CPU
		{B62C46DC-B336-4737-BCB5-D597898EA15B}.Debug|Any CPU.Build.0 = Debug|Any CPU
		{B62C46DC-B336-4737-BCB5-D597898EA15B}.Release|Any CPU.ActiveCfg = Release|Any CPU
		{B62C46DC-B336-4737-BCB5-D597898EA15B}.Release|Any CPU.Build.0 = Release|Any CPU
		{0A76493D-4454-44F9-8B00-54CD58B7DE55}.Debug|Any CPU.ActiveCfg = Debug|Any CPU
		{0A76493D-4454-44F9-8B00-54CD58B7DE55}.Debug|Any CPU.Build.0 = Debug|Any CPU
		{0A76493D-4454-44F9-8B00-54CD58B7DE55}.Release|Any CPU.ActiveCfg = Release|Any CPU
		{0A76493D-4454-44F9-8B00-54CD58B7DE55}.Release|Any CPU.Build.0 = Release|Any CPU
		{13A35ADD-616F-4261-B62A-23D71F8E7DDA}.Debug|Any CPU.ActiveCfg = Debug|Any CPU
		{13A35ADD-616F-4261-B62A-23D71F8E7DDA}.Debug|Any CPU.Build.0 = Debug|Any CPU
		{13A35ADD-616F-4261-B62A-23D71F8E7DDA}.Release|Any CPU.ActiveCfg = Release|Any CPU
		{13A35ADD-616F-4261-B62A-23D71F8E7DDA}.Release|Any CPU.Build.0 = Release|Any CPU
		{7FCF2210-1D72-490B-A919-27ADBE41159E}.Debug|Any CPU.ActiveCfg = Debug|Any CPU
		{7FCF2210-1D72-490B-A919-27ADBE41159E}.Debug|Any CPU.Build.0 = Debug|Any CPU
		{7FCF2210-1D72-490B-A919-27ADBE41159E}.Release|Any CPU.ActiveCfg = Release|Any CPU
		{7FCF2210-1D72-490B-A919-27ADBE41159E}.Release|Any CPU.Build.0 = Release|Any CPU
		{48180EF1-CB30-4CFC-AEC5-FB2E51158258}.Debug|Any CPU.ActiveCfg = Debug|Any CPU
		{48180EF1-CB30-4CFC-AEC5-FB2E51158258}.Debug|Any CPU.Build.0 = Debug|Any CPU
		{48180EF1-CB30-4CFC-AEC5-FB2E51158258}.Release|Any CPU.ActiveCfg = Release|Any CPU
		{48180EF1-CB30-4CFC-AEC5-FB2E51158258}.Release|Any CPU.Build.0 = Release|Any CPU
		{853BCEA6-E12C-4780-BA02-50799B6B96D8}.Debug|Any CPU.ActiveCfg = Debug|Any CPU
		{853BCEA6-E12C-4780-BA02-50799B6B96D8}.Debug|Any CPU.Build.0 = Debug|Any CPU
		{853BCEA6-E12C-4780-BA02-50799B6B96D8}.Release|Any CPU.ActiveCfg = Release|Any CPU
		{853BCEA6-E12C-4780-BA02-50799B6B96D8}.Release|Any CPU.Build.0 = Release|Any CPU
		{5F8C929C-6A82-4D74-A11F-6F043AA571F1}.Debug|Any CPU.ActiveCfg = Debug|Any CPU
		{5F8C929C-6A82-4D74-A11F-6F043AA571F1}.Debug|Any CPU.Build.0 = Debug|Any CPU
		{5F8C929C-6A82-4D74-A11F-6F043AA571F1}.Release|Any CPU.ActiveCfg = Release|Any CPU
		{5F8C929C-6A82-4D74-A11F-6F043AA571F1}.Release|Any CPU.Build.0 = Release|Any CPU
		{8F847176-40EB-424E-A32A-99AFDE735B61}.Debug|Any CPU.ActiveCfg = Debug|Any CPU
		{8F847176-40EB-424E-A32A-99AFDE735B61}.Debug|Any CPU.Build.0 = Debug|Any CPU
		{8F847176-40EB-424E-A32A-99AFDE735B61}.Release|Any CPU.ActiveCfg = Release|Any CPU
		{8F847176-40EB-424E-A32A-99AFDE735B61}.Release|Any CPU.Build.0 = Release|Any CPU
		{738C0103-8F56-4AFD-8391-249CEEE4F2E9}.Debug|Any CPU.ActiveCfg = Debug|Any CPU
		{738C0103-8F56-4AFD-8391-249CEEE4F2E9}.Debug|Any CPU.Build.0 = Debug|Any CPU
		{738C0103-8F56-4AFD-8391-249CEEE4F2E9}.Release|Any CPU.ActiveCfg = Release|Any CPU
		{738C0103-8F56-4AFD-8391-249CEEE4F2E9}.Release|Any CPU.Build.0 = Release|Any CPU
		{D0804595-0DEA-4554-85D8-E297773F651B}.Debug|Any CPU.ActiveCfg = Debug|Any CPU
		{D0804595-0DEA-4554-85D8-E297773F651B}.Debug|Any CPU.Build.0 = Debug|Any CPU
		{D0804595-0DEA-4554-85D8-E297773F651B}.Release|Any CPU.ActiveCfg = Release|Any CPU
		{D0804595-0DEA-4554-85D8-E297773F651B}.Release|Any CPU.Build.0 = Release|Any CPU
		{32F7AF8D-9791-474C-BDEF-E36440DB563F}.Debug|Any CPU.ActiveCfg = Debug|Any CPU
		{32F7AF8D-9791-474C-BDEF-E36440DB563F}.Debug|Any CPU.Build.0 = Debug|Any CPU
		{32F7AF8D-9791-474C-BDEF-E36440DB563F}.Release|Any CPU.ActiveCfg = Release|Any CPU
		{32F7AF8D-9791-474C-BDEF-E36440DB563F}.Release|Any CPU.Build.0 = Release|Any CPU
		{CF63CC0F-A52E-42A9-9D69-EE3246692A78}.Debug|Any CPU.ActiveCfg = Debug|Any CPU
		{CF63CC0F-A52E-42A9-9D69-EE3246692A78}.Debug|Any CPU.Build.0 = Debug|Any CPU
		{CF63CC0F-A52E-42A9-9D69-EE3246692A78}.Release|Any CPU.ActiveCfg = Release|Any CPU
		{CF63CC0F-A52E-42A9-9D69-EE3246692A78}.Release|Any CPU.Build.0 = Release|Any CPU
	EndGlobalSection
	GlobalSection(SolutionProperties) = preSolution
		HideSolutionNode = FALSE
	EndGlobalSection
	GlobalSection(NestedProjects) = preSolution
		{B5C58C7A-555C-4596-A748-DF336A4A7FB8} = {94987E5C-89F2-4ECA-BD0C-BD18D22AC22F}
		{3B2133EE-E258-40A2-8AD5-54F649AA0524} = {94987E5C-89F2-4ECA-BD0C-BD18D22AC22F}
		{151B8370-762D-455E-8FFE-38C36000DFCD} = {94987E5C-89F2-4ECA-BD0C-BD18D22AC22F}
		{BA02E1B4-F7FF-4921-8D53-9D4623CC04B5} = {62B04189-66CA-49ED-A1FF-F6282180CDE4}
		{1F1B90E2-BC71-4748-9EAF-B03CE1041F1A} = {62B04189-66CA-49ED-A1FF-F6282180CDE4}
		{83445121-73E2-462A-AFC5-804AF8A334B2} = {62B04189-66CA-49ED-A1FF-F6282180CDE4}
		{B62C46DC-B336-4737-BCB5-D597898EA15B} = {D1E0C933-9DAE-46C2-B9D9-68EDFFED361E}
		{0A76493D-4454-44F9-8B00-54CD58B7DE55} = {D1E0C933-9DAE-46C2-B9D9-68EDFFED361E}
		{13A35ADD-616F-4261-B62A-23D71F8E7DDA} = {D1E0C933-9DAE-46C2-B9D9-68EDFFED361E}
		{7FCF2210-1D72-490B-A919-27ADBE41159E} = {5B184FEA-E3E4-4FC3-9FA8-382DD07A0320}
		{48180EF1-CB30-4CFC-AEC5-FB2E51158258} = {5B184FEA-E3E4-4FC3-9FA8-382DD07A0320}
		{853BCEA6-E12C-4780-BA02-50799B6B96D8} = {5B184FEA-E3E4-4FC3-9FA8-382DD07A0320}
		{5F8C929C-6A82-4D74-A11F-6F043AA571F1} = {8A20E818-F79D-46E0-A87B-56B72715FF4F}
		{8F847176-40EB-424E-A32A-99AFDE735B61} = {8A20E818-F79D-46E0-A87B-56B72715FF4F}
		{738C0103-8F56-4AFD-8391-249CEEE4F2E9} = {8A20E818-F79D-46E0-A87B-56B72715FF4F}
		{D0804595-0DEA-4554-85D8-E297773F651B} = {53B1F713-45BC-4BD6-AB03-D4225621CE84}
		{32F7AF8D-9791-474C-BDEF-E36440DB563F} = {53B1F713-45BC-4BD6-AB03-D4225621CE84}
		{CF63CC0F-A52E-42A9-9D69-EE3246692A78} = {53B1F713-45BC-4BD6-AB03-D4225621CE84}
	EndGlobalSection
	GlobalSection(ExtensibilityGlobals) = postSolution
		SolutionGuid = {BC639F0B-36F9-4C5D-BCFA-9757F47520D1}
	EndGlobalSection
EndGlobal
